
Microsoft Visual Studio Solution File, Format Version 12.00
# Visual Studio 14
VisualStudioVersion = 14.0.25420.1
MinimumVisualStudioVersion = 10.0.40219.1
Project("{FAE04EC0-301F-11D3-BF4B-00C04F79EFBC}") = "Transporte", "Transporte\Transporte.csproj", "{AFB4671E-485E-4795-B1E2-6AD2F6D62195}"
EndProject
Project("{FAE04EC0-301F-11D3-BF4B-00C04F79EFBC}") = "Logic", "Logic\Logic.csproj", "{F6440098-5BFD-4FED-8A0E-7D17CCA46E18}"
EndProject
Global
	GlobalSection(SolutionConfigurationPlatforms) = preSolution
		Debug|Any CPU = Debug|Any CPU
		Release|Any CPU = Release|Any CPU
	EndGlobalSection
	GlobalSection(ProjectConfigurationPlatforms) = postSolution
		{AFB4671E-485E-4795-B1E2-6AD2F6D62195}.Debug|Any CPU.ActiveCfg = Debug|Any CPU
		{AFB4671E-485E-4795-B1E2-6AD2F6D62195}.Debug|Any CPU.Build.0 = Debug|Any CPU
		{AFB4671E-485E-4795-B1E2-6AD2F6D62195}.Release|Any CPU.ActiveCfg = Release|Any CPU
		{AFB4671E-485E-4795-B1E2-6AD2F6D62195}.Release|Any CPU.Build.0 = Release|Any CPU
		{F6440098-5BFD-4FED-8A0E-7D17CCA46E18}.Debug|Any CPU.ActiveCfg = Debug|Any CPU
		{F6440098-5BFD-4FED-8A0E-7D17CCA46E18}.Debug|Any CPU.Build.0 = Debug|Any CPU
		{F6440098-5BFD-4FED-8A0E-7D17CCA46E18}.Release|Any CPU.ActiveCfg = Release|Any CPU
		{F6440098-5BFD-4FED-8A0E-7D17CCA46E18}.Release|Any CPU.Build.0 = Release|Any CPU
	EndGlobalSection
	GlobalSection(SolutionProperties) = preSolution
		HideSolutionNode = FALSE
	EndGlobalSection
EndGlobal
